// !$*UTF8*$!
{
	archiveVersion = 1;
	classes = {
	};
	objectVersion = 46;
	objects = {

/* Begin PBXBuildFile section */
		65565119FBA3E74BB7FB79A5 /* main.m in Sources */ = {isa = PBXBuildFile; fileRef = 655659D70B03596D131F45B4 /* main.m */; };
		655651690B65D14BB03E1C59 /* flipperTests.m in Sources */ = {isa = PBXBuildFile; fileRef = 65565AD28A85F8C34B5E947D /* flipperTests.m */; };
		655651DF138C49819BA1511F /* InfoPlist.strings in Resources */ = {isa = PBXBuildFile; fileRef = 655651F309061B1450B273D3 /* InfoPlist.strings */; };
		65565230699A20AA2DB525E2 /* UIKit.framework in Frameworks */ = {isa = PBXBuildFile; fileRef = 655658566370F09ED204B20F /* UIKit.framework */; };
		655654D9678AE1B6F99607A1 /* MainStoryboard.storyboard in Resources */ = {isa = PBXBuildFile; fileRef = 655657105179E8471B0B87D1 /* MainStoryboard.storyboard */; };
		6556566CA08EAC8F779FCED2 /* UIKit.framework in Frameworks */ = {isa = PBXBuildFile; fileRef = 655658566370F09ED204B20F /* UIKit.framework */; };
		6556567EF5D782B9FB23AE47 /* FLAccelerometerTestViewController.m in Sources */ = {isa = PBXBuildFile; fileRef = 65565D615AA9824811178333 /* FLAccelerometerTestViewController.m */; };
		655659765ABC3DD1681DEC8C /* Foundation.framework in Frameworks */ = {isa = PBXBuildFile; fileRef = 655654D665989F7A8BFB9265 /* Foundation.framework */; };
		65565A21DD5805CE9A1DFF7D /* Foundation.framework in Frameworks */ = {isa = PBXBuildFile; fileRef = 655654D665989F7A8BFB9265 /* Foundation.framework */; };
		65565A2750CE5D9960FD3352 /* CoreGraphics.framework in Frameworks */ = {isa = PBXBuildFile; fileRef = 6556507CB9F2779530C2809D /* CoreGraphics.framework */; };
		65565E9C94B9A0EA59B0F91F /* SenTestingKit.framework in Frameworks */ = {isa = PBXBuildFile; fileRef = 65565CCA51703510671066B8 /* SenTestingKit.framework */; };
		65565F40A44497A9401FBCA9 /* InfoPlist.strings in Resources */ = {isa = PBXBuildFile; fileRef = 65565F8E34902553C9D34EA5 /* InfoPlist.strings */; };
		65565FFDB60FCFAC802D3CE7 /* FLAppDelegate.m in Sources */ = {isa = PBXBuildFile; fileRef = 65565FF54C77B2489B71EE39 /* FLAppDelegate.m */; };
		87D51F7616063FD3006BCF53 /* CoreMotion.framework in Frameworks */ = {isa = PBXBuildFile; fileRef = 87D51F7516063FD3006BCF53 /* CoreMotion.framework */; };
		87D51F7A16064004006BCF53 /* CFlipperMotionManager.m in Sources */ = {isa = PBXBuildFile; fileRef = 87D51F7916064004006BCF53 /* CFlipperMotionManager.m */; };
		87D51F7D16064C03006BCF53 /* MCDFlipperModel.xcdatamodeld in Sources */ = {isa = PBXBuildFile; fileRef = 87D51F7B16064C03006BCF53 /* MCDFlipperModel.xcdatamodeld */; };
		87D51F8016065171006BCF53 /* CoreData.framework in Frameworks */ = {isa = PBXBuildFile; fileRef = 87D51F7F16065171006BCF53 /* CoreData.framework */; };
		87D51F831606539F006BCF53 /* CMGyroData+CMGyroData_CoreDataConverter.m in Sources */ = {isa = PBXBuildFile; fileRef = 87D51F821606539F006BCF53 /* CMGyroData+CMGyroData_CoreDataConverter.m */; };
		87D51F86160654EB006BCF53 /* CMAccelerometerData+CMAccelerometerData_CoreDataConverter.m in Sources */ = {isa = PBXBuildFile; fileRef = 87D51F85160654EB006BCF53 /* CMAccelerometerData+CMAccelerometerData_CoreDataConverter.m */; };
/* End PBXBuildFile section */

/* Begin PBXContainerItemProxy section */
		65565558F38FD803860BD216 /* PBXContainerItemProxy */ = {
			isa = PBXContainerItemProxy;
			containerPortal = 65565B07824EB7D9B53EB6E0 /* Project object */;
			proxyType = 1;
			remoteGlobalIDString = 655650FDF7FD5366785CFD58;
			remoteInfo = flipper;
		};
/* End PBXContainerItemProxy section */

/* Begin PBXFileReference section */
		6556507CB9F2779530C2809D /* CoreGraphics.framework */ = {isa = PBXFileReference; lastKnownFileType = wrapper.framework; name = CoreGraphics.framework; path = System/Library/Frameworks/CoreGraphics.framework; sourceTree = SDKROOT; };
		655650962DF3395B727644BA /* en */ = {isa = PBXFileReference; lastKnownFileType = text.plist.strings; name = en; path = en.lproj/InfoPlist.strings; sourceTree = "<group>"; };
		6556525863F5F5A18C1998AF /* en */ = {isa = PBXFileReference; lastKnownFileType = file.storyboard; name = en; path = en.lproj/MainStoryboard.storyboard; sourceTree = "<group>"; };
		6556530362B89B18FF022C53 /* flipper-Prefix.pch */ = {isa = PBXFileReference; lastKnownFileType = sourcecode.c.h; path = "flipper-Prefix.pch"; sourceTree = "<group>"; };
		655654D665989F7A8BFB9265 /* Foundation.framework */ = {isa = PBXFileReference; lastKnownFileType = wrapper.framework; name = Foundation.framework; path = System/Library/Frameworks/Foundation.framework; sourceTree = SDKROOT; };
		6556551F53999AA873745748 /* flipperTests.h */ = {isa = PBXFileReference; lastKnownFileType = sourcecode.c.h; path = flipperTests.h; sourceTree = "<group>"; };
		655655DEC780C75B262CEE22 /* flipperTests.octest */ = {isa = PBXFileReference; explicitFileType = wrapper.cfbundle; includeInIndex = 0; path = flipperTests.octest; sourceTree = BUILT_PRODUCTS_DIR; };
		655655E94D318A88410A2915 /* flipper-Info.plist */ = {isa = PBXFileReference; lastKnownFileType = text.plist.info; path = "flipper-Info.plist"; sourceTree = "<group>"; };
		655656438DD886E7A6BBABB8 /* FLAppDelegate.h */ = {isa = PBXFileReference; lastKnownFileType = sourcecode.c.h; path = FLAppDelegate.h; sourceTree = "<group>"; };
		655656EB8DCFA292739FFDCF /* FLAccelerometerTestViewController.h */ = {isa = PBXFileReference; lastKnownFileType = sourcecode.c.h; path = FLAccelerometerTestViewController.h; sourceTree = "<group>"; };
		655658566370F09ED204B20F /* UIKit.framework */ = {isa = PBXFileReference; lastKnownFileType = wrapper.framework; name = UIKit.framework; path = System/Library/Frameworks/UIKit.framework; sourceTree = SDKROOT; };
		655659D70B03596D131F45B4 /* main.m */ = {isa = PBXFileReference; lastKnownFileType = sourcecode.c.objc; path = main.m; sourceTree = "<group>"; };
		65565AD28A85F8C34B5E947D /* flipperTests.m */ = {isa = PBXFileReference; lastKnownFileType = sourcecode.c.objc; path = flipperTests.m; sourceTree = "<group>"; };
		65565AE1D0F2C0958C740A35 /* flipperTests-Info.plist */ = {isa = PBXFileReference; lastKnownFileType = text.plist.info; path = "flipperTests-Info.plist"; sourceTree = "<group>"; };
		65565CCA51703510671066B8 /* SenTestingKit.framework */ = {isa = PBXFileReference; lastKnownFileType = wrapper.framework; name = SenTestingKit.framework; path = Library/Frameworks/SenTestingKit.framework; sourceTree = DEVELOPER_DIR; };
		65565D19B4D85C6E7E755580 /* flipper.app */ = {isa = PBXFileReference; explicitFileType = wrapper.application; includeInIndex = 0; path = flipper.app; sourceTree = BUILT_PRODUCTS_DIR; };
		65565D615AA9824811178333 /* FLAccelerometerTestViewController.m */ = {isa = PBXFileReference; lastKnownFileType = sourcecode.c.objc; path = FLAccelerometerTestViewController.m; sourceTree = "<group>"; };
		65565FE836C345F5A970520B /* en */ = {isa = PBXFileReference; lastKnownFileType = text.plist.strings; name = en; path = en.lproj/InfoPlist.strings; sourceTree = "<group>"; };
		65565FF54C77B2489B71EE39 /* FLAppDelegate.m */ = {isa = PBXFileReference; lastKnownFileType = sourcecode.c.objc; path = FLAppDelegate.m; sourceTree = "<group>"; };
		87D51F7516063FD3006BCF53 /* CoreMotion.framework */ = {isa = PBXFileReference; lastKnownFileType = wrapper.framework; name = CoreMotion.framework; path = System/Library/Frameworks/CoreMotion.framework; sourceTree = SDKROOT; };
		87D51F7816064004006BCF53 /* CFlipperMotionManager.h */ = {isa = PBXFileReference; fileEncoding = 4; lastKnownFileType = sourcecode.c.h; path = CFlipperMotionManager.h; sourceTree = "<group>"; };
		87D51F7916064004006BCF53 /* CFlipperMotionManager.m */ = {isa = PBXFileReference; fileEncoding = 4; lastKnownFileType = sourcecode.c.objc; path = CFlipperMotionManager.m; sourceTree = "<group>"; };
		87D51F7C16064C03006BCF53 /* MCDFlipperModel.xcdatamodel */ = {isa = PBXFileReference; lastKnownFileType = wrapper.xcdatamodel; path = MCDFlipperModel.xcdatamodel; sourceTree = "<group>"; };
		87D51F7F16065171006BCF53 /* CoreData.framework */ = {isa = PBXFileReference; lastKnownFileType = wrapper.framework; name = CoreData.framework; path = System/Library/Frameworks/CoreData.framework; sourceTree = SDKROOT; };
		87D51F811606539F006BCF53 /* CMGyroData+CMGyroData_CoreDataConverter.h */ = {isa = PBXFileReference; fileEncoding = 4; lastKnownFileType = sourcecode.c.h; path = "CMGyroData+CMGyroData_CoreDataConverter.h"; sourceTree = "<group>"; };
		87D51F821606539F006BCF53 /* CMGyroData+CMGyroData_CoreDataConverter.m */ = {isa = PBXFileReference; fileEncoding = 4; lastKnownFileType = sourcecode.c.objc; path = "CMGyroData+CMGyroData_CoreDataConverter.m"; sourceTree = "<group>"; };
		87D51F84160654EB006BCF53 /* CMAccelerometerData+CMAccelerometerData_CoreDataConverter.h */ = {isa = PBXFileReference; fileEncoding = 4; lastKnownFileType = sourcecode.c.h; path = "CMAccelerometerData+CMAccelerometerData_CoreDataConverter.h"; sourceTree = "<group>"; };
		87D51F85160654EB006BCF53 /* CMAccelerometerData+CMAccelerometerData_CoreDataConverter.m */ = {isa = PBXFileReference; fileEncoding = 4; lastKnownFileType = sourcecode.c.objc; path = "CMAccelerometerData+CMAccelerometerData_CoreDataConverter.m"; sourceTree = "<group>"; };
/* End PBXFileReference section */

/* Begin PBXFrameworksBuildPhase section */
		65565AE1CE59FC5BE0687EBA /* Frameworks */ = {
			isa = PBXFrameworksBuildPhase;
			buildActionMask = 2147483647;
			files = (
				65565E9C94B9A0EA59B0F91F /* SenTestingKit.framework in Frameworks */,
				65565230699A20AA2DB525E2 /* UIKit.framework in Frameworks */,
				65565A21DD5805CE9A1DFF7D /* Foundation.framework in Frameworks */,
			);
			runOnlyForDeploymentPostprocessing = 0;
		};
		65565E0668392C5BC532493A /* Frameworks */ = {
			isa = PBXFrameworksBuildPhase;
			buildActionMask = 2147483647;
			files = (
				87D51F8016065171006BCF53 /* CoreData.framework in Frameworks */,
				87D51F7616063FD3006BCF53 /* CoreMotion.framework in Frameworks */,
				6556566CA08EAC8F779FCED2 /* UIKit.framework in Frameworks */,
				655659765ABC3DD1681DEC8C /* Foundation.framework in Frameworks */,
				65565A2750CE5D9960FD3352 /* CoreGraphics.framework in Frameworks */,
			);
			runOnlyForDeploymentPostprocessing = 0;
		};
/* End PBXFrameworksBuildPhase section */

/* Begin PBXGroup section */
		65565063AF71C21966CD42D9 /* Products */ = {
			isa = PBXGroup;
			children = (
				65565D19B4D85C6E7E755580 /* flipper.app */,
				655655DEC780C75B262CEE22 /* flipperTests.octest */,
			);
			name = Products;
			sourceTree = "<group>";
		};
		655651E5167E2A1A3076C77E /* Supporting Files */ = {
			isa = PBXGroup;
			children = (
				6556530362B89B18FF022C53 /* flipper-Prefix.pch */,
				655659D70B03596D131F45B4 /* main.m */,
				655651F309061B1450B273D3 /* InfoPlist.strings */,
				655655E94D318A88410A2915 /* flipper-Info.plist */,
			);
			name = "Supporting Files";
			sourceTree = "<group>";
		};
		65565360280FAC6E186121D7 /* Supporting Files */ = {
			isa = PBXGroup;
			children = (
				65565F8E34902553C9D34EA5 /* InfoPlist.strings */,
				65565AE1D0F2C0958C740A35 /* flipperTests-Info.plist */,
			);
			name = "Supporting Files";
			sourceTree = "<group>";
		};
		655659A70BA0E3BBB3F94B78 /* Frameworks */ = {
			isa = PBXGroup;
			children = (
				87D51F7516063FD3006BCF53 /* CoreMotion.framework */,
				65565CCA51703510671066B8 /* SenTestingKit.framework */,
				6556507CB9F2779530C2809D /* CoreGraphics.framework */,
				655654D665989F7A8BFB9265 /* Foundation.framework */,
				655658566370F09ED204B20F /* UIKit.framework */,
			);
			name = Frameworks;
			sourceTree = "<group>";
		};
		65565C7E85428AD72E46133E /* flipper */ = {
			isa = PBXGroup;
			children = (
				87D51F7E1606512B006BCF53 /* coredata_model */,
				87D51F7B16064C03006BCF53 /* MCDFlipperModel.xcdatamodeld */,
				87D51F7816064004006BCF53 /* CFlipperMotionManager.h */,
				87D51F7916064004006BCF53 /* CFlipperMotionManager.m */,
				655656EB8DCFA292739FFDCF /* FLAccelerometerTestViewController.h */,
				65565D615AA9824811178333 /* FLAccelerometerTestViewController.m */,
				655657105179E8471B0B87D1 /* MainStoryboard.storyboard */,
				65565FF54C77B2489B71EE39 /* FLAppDelegate.m */,
				655656438DD886E7A6BBABB8 /* FLAppDelegate.h */,
				655651E5167E2A1A3076C77E /* Supporting Files */,
			);
			path = flipper;
			sourceTree = "<group>";
		};
		65565E608BB5BA1414A7697D = {
			isa = PBXGroup;
			children = (
				87D51F7F16065171006BCF53 /* CoreData.framework */,
				65565063AF71C21966CD42D9 /* Products */,
				655659A70BA0E3BBB3F94B78 /* Frameworks */,
				65565C7E85428AD72E46133E /* flipper */,
				65565E6BE78E5AC6A1279E6A /* flipperTests */,
			);
			sourceTree = "<group>";
		};
		65565E6BE78E5AC6A1279E6A /* flipperTests */ = {
			isa = PBXGroup;
			children = (
				65565AD28A85F8C34B5E947D /* flipperTests.m */,
				6556551F53999AA873745748 /* flipperTests.h */,
				65565360280FAC6E186121D7 /* Supporting Files */,
			);
			path = flipperTests;
			sourceTree = "<group>";
		};
		87D51F7E1606512B006BCF53 /* coredata_model */ = {
			isa = PBXGroup;
			children = (
				87D51F811606539F006BCF53 /* CMGyroData+CMGyroData_CoreDataConverter.h */,
				87D51F821606539F006BCF53 /* CMGyroData+CMGyroData_CoreDataConverter.m */,
				87D51F84160654EB006BCF53 /* CMAccelerometerData+CMAccelerometerData_CoreDataConverter.h */,
				87D51F85160654EB006BCF53 /* CMAccelerometerData+CMAccelerometerData_CoreDataConverter.m */,
			);
			name = coredata_model;
			sourceTree = "<group>";
		};
/* End PBXGroup section */

/* Begin PBXNativeTarget section */
		655650FDF7FD5366785CFD58 /* flipper */ = {
			isa = PBXNativeTarget;
			buildConfigurationList = 655655DB9BA0F3D405915ACA /* Build configuration list for PBXNativeTarget "flipper" */;
			buildPhases = (
				655654B5F99698502E0C5A04 /* Sources */,
				65565E0668392C5BC532493A /* Frameworks */,
				655652DF00A09501196FF4AF /* Resources */,
			);
			buildRules = (
			);
			dependencies = (
			);
			name = flipper;
			productName = flipper;
			productReference = 65565D19B4D85C6E7E755580 /* flipper.app */;
			productType = "com.apple.product-type.application";
		};
		65565CB126349963342AFE6E /* flipperTests */ = {
			isa = PBXNativeTarget;
			buildConfigurationList = 65565CC02017C25269EBCCFC /* Build configuration list for PBXNativeTarget "flipperTests" */;
			buildPhases = (
				65565BC84E35DD9A449C728A /* Sources */,
				65565AE1CE59FC5BE0687EBA /* Frameworks */,
				65565BEF5D7B4E1FFB88C273 /* Resources */,
				65565FB281E1E1E81DB83772 /* ShellScript */,
			);
			buildRules = (
			);
			dependencies = (
				65565C7A6B5A123D9B352757 /* PBXTargetDependency */,
			);
			name = flipperTests;
			productName = flipperTests;
			productReference = 655655DEC780C75B262CEE22 /* flipperTests.octest */;
			productType = "com.apple.product-type.bundle";
		};
/* End PBXNativeTarget section */

/* Begin PBXProject section */
		65565B07824EB7D9B53EB6E0 /* Project object */ = {
			isa = PBXProject;
			buildConfigurationList = 6556531A0174034CEB79289D /* Build configuration list for PBXProject "flipper" */;
			compatibilityVersion = "Xcode 3.2";
			developmentRegion = English;
			hasScannedForEncodings = 0;
			knownRegions = (
				en,
			);
			mainGroup = 65565E608BB5BA1414A7697D;
			productRefGroup = 65565063AF71C21966CD42D9 /* Products */;
			projectDirPath = "";
			projectRoot = "";
			targets = (
				655650FDF7FD5366785CFD58 /* flipper */,
				65565CB126349963342AFE6E /* flipperTests */,
			);
		};
/* End PBXProject section */

/* Begin PBXResourcesBuildPhase section */
		655652DF00A09501196FF4AF /* Resources */ = {
			isa = PBXResourcesBuildPhase;
			buildActionMask = 2147483647;
			files = (
				655651DF138C49819BA1511F /* InfoPlist.strings in Resources */,
				655654D9678AE1B6F99607A1 /* MainStoryboard.storyboard in Resources */,
			);
			runOnlyForDeploymentPostprocessing = 0;
		};
		65565BEF5D7B4E1FFB88C273 /* Resources */ = {
			isa = PBXResourcesBuildPhase;
			buildActionMask = 2147483647;
			files = (
				65565F40A44497A9401FBCA9 /* InfoPlist.strings in Resources */,
			);
			runOnlyForDeploymentPostprocessing = 0;
		};
/* End PBXResourcesBuildPhase section */

/* Begin PBXShellScriptBuildPhase section */
		65565FB281E1E1E81DB83772 /* ShellScript */ = {
			isa = PBXShellScriptBuildPhase;
			buildActionMask = 2147483647;
			files = (
			);
			inputPaths = (
			);
			outputPaths = (
			);
			runOnlyForDeploymentPostprocessing = 0;
			shellPath = /bin/sh;
			shellScript = "# Run the unit tests in this test bundle.\n\"${SYSTEM_DEVELOPER_DIR}/Tools/RunUnitTests\"\n";
		};
/* End PBXShellScriptBuildPhase section */

/* Begin PBXSourcesBuildPhase section */
		655654B5F99698502E0C5A04 /* Sources */ = {
			isa = PBXSourcesBuildPhase;
			buildActionMask = 2147483647;
			files = (
				65565119FBA3E74BB7FB79A5 /* main.m in Sources */,
				65565FFDB60FCFAC802D3CE7 /* FLAppDelegate.m in Sources */,
				6556567EF5D782B9FB23AE47 /* FLAccelerometerTestViewController.m in Sources */,
				87D51F7A16064004006BCF53 /* CFlipperMotionManager.m in Sources */,
				87D51F7D16064C03006BCF53 /* MCDFlipperModel.xcdatamodeld in Sources */,
				87D51F831606539F006BCF53 /* CMGyroData+CMGyroData_CoreDataConverter.m in Sources */,
				87D51F86160654EB006BCF53 /* CMAccelerometerData+CMAccelerometerData_CoreDataConverter.m in Sources */,
			);
			runOnlyForDeploymentPostprocessing = 0;
		};
		65565BC84E35DD9A449C728A /* Sources */ = {
			isa = PBXSourcesBuildPhase;
			buildActionMask = 2147483647;
			files = (
				655651690B65D14BB03E1C59 /* flipperTests.m in Sources */,
			);
			runOnlyForDeploymentPostprocessing = 0;
		};
/* End PBXSourcesBuildPhase section */

/* Begin PBXTargetDependency section */
		65565C7A6B5A123D9B352757 /* PBXTargetDependency */ = {
			isa = PBXTargetDependency;
			target = 655650FDF7FD5366785CFD58 /* flipper */;
			targetProxy = 65565558F38FD803860BD216 /* PBXContainerItemProxy */;
		};
/* End PBXTargetDependency section */

/* Begin PBXVariantGroup section */
		655651F309061B1450B273D3 /* InfoPlist.strings */ = {
			isa = PBXVariantGroup;
			children = (
				65565FE836C345F5A970520B /* en */,
			);
			name = InfoPlist.strings;
			sourceTree = "<group>";
		};
		655657105179E8471B0B87D1 /* MainStoryboard.storyboard */ = {
			isa = PBXVariantGroup;
			children = (
				6556525863F5F5A18C1998AF /* en */,
			);
			name = MainStoryboard.storyboard;
			sourceTree = "<group>";
		};
		65565F8E34902553C9D34EA5 /* InfoPlist.strings */ = {
			isa = PBXVariantGroup;
			children = (
				655650962DF3395B727644BA /* en */,
			);
			name = InfoPlist.strings;
			sourceTree = "<group>";
		};
/* End PBXVariantGroup section */

/* Begin XCBuildConfiguration section */
		6556560C4E0209C2EB7048FC /* Debug */ = {
			isa = XCBuildConfiguration;
			buildSettings = {
				ALWAYS_SEARCH_USER_PATHS = NO;
				ARCHS = "$(ARCHS_STANDARD_32_BIT)";
				CLANG_CXX_LANGUAGE_STANDARD = "gnu++0x";
				CLANG_ENABLE_OBJC_ARC = YES;
				CLANG_WARN__DUPLICATE_METHOD_MATCH = YES;
				"CODE_SIGN_IDENTITY[sdk=iphoneos*]" = "iPhone Developer";
				COPY_PHASE_STRIP = NO;
				GCC_C_LANGUAGE_STANDARD = gnu99;
				GCC_DYNAMIC_NO_PIC = NO;
				GCC_OPTIMIZATION_LEVEL = 0;
				GCC_PREPROCESSOR_DEFINITIONS = (
					"DEBUG=1",
					"$(inherited)",
				);
				GCC_SYMBOLS_PRIVATE_EXTERN = NO;
				GCC_VERSION = com.apple.compilers.llvm.clang.1_0;
				GCC_WARN_ABOUT_RETURN_TYPE = YES;
				GCC_WARN_UNINITIALIZED_AUTOS = YES;
				GCC_WARN_UNUSED_VARIABLE = YES;
				IPHONEOS_DEPLOYMENT_TARGET = 5.1;
				SDKROOT = iphoneos;
			};
			name = Debug;
		};
		65565714106C4D6AF40490FB /* Release */ = {
			isa = XCBuildConfiguration;
			buildSettings = {
				ALWAYS_SEARCH_USER_PATHS = NO;
				ARCHS = "$(ARCHS_STANDARD_32_BIT)";
				CLANG_CXX_LANGUAGE_STANDARD = "gnu++0x";
				CLANG_ENABLE_OBJC_ARC = YES;
				CLANG_WARN__DUPLICATE_METHOD_MATCH = YES;
				"CODE_SIGN_IDENTITY[sdk=iphoneos*]" = "iPhone Developer";
				COPY_PHASE_STRIP = YES;
				GCC_C_LANGUAGE_STANDARD = gnu99;
				GCC_VERSION = com.apple.compilers.llvm.clang.1_0;
				GCC_WARN_ABOUT_RETURN_TYPE = YES;
				GCC_WARN_UNINITIALIZED_AUTOS = YES;
				GCC_WARN_UNUSED_VARIABLE = YES;
				IPHONEOS_DEPLOYMENT_TARGET = 5.1;
				OTHER_CFLAGS = "-DNS_BLOCK_ASSERTIONS=1";
				SDKROOT = iphoneos;
				VALIDATE_PRODUCT = YES;
			};
			name = Release;
		};
		6556579FD13A9829E1877625 /* Debug */ = {
			isa = XCBuildConfiguration;
			buildSettings = {
				BUNDLE_LOADER = "$(BUILT_PRODUCTS_DIR)/flipper.app/flipper";
				FRAMEWORK_SEARCH_PATHS = (
					"\"$(SDKROOT)/Developer/Library/Frameworks\"",
					"\"$(DEVELOPER_LIBRARY_DIR)/Frameworks\"",
				);
				GCC_PRECOMPILE_PREFIX_HEADER = YES;
				GCC_PREFIX_HEADER = "flipper/flipper-Prefix.pch";
				INFOPLIST_FILE = "flipperTests/flipperTests-Info.plist";
				PRODUCT_NAME = "$(TARGET_NAME)";
				TEST_HOST = "$(BUNDLE_LOADER)";
				WRAPPER_EXTENSION = octest;
			};
			name = Debug;
		};
		6556588EE95597E857AAAC05 /* Debug */ = {
			isa = XCBuildConfiguration;
			buildSettings = {
				GCC_PRECOMPILE_PREFIX_HEADER = YES;
				GCC_PREFIX_HEADER = "flipper/flipper-Prefix.pch";
				INFOPLIST_FILE = "flipper/flipper-Info.plist";
				IPHONEOS_DEPLOYMENT_TARGET = 5.0;
				PRODUCT_NAME = "$(TARGET_NAME)";
				WRAPPER_EXTENSION = app;
			};
			name = Debug;
		};
		655659B0274AC0C586A8DE5C /* Release */ = {
			isa = XCBuildConfiguration;
			buildSettings = {
				GCC_PRECOMPILE_PREFIX_HEADER = YES;
				GCC_PREFIX_HEADER = "flipper/flipper-Prefix.pch";
				INFOPLIST_FILE = "flipper/flipper-Info.plist";
				IPHONEOS_DEPLOYMENT_TARGET = 5.0;
				PRODUCT_NAME = "$(TARGET_NAME)";
				WRAPPER_EXTENSION = app;
			};
			name = Release;
		};
		65565FA159B982DF6E474840 /* Release */ = {
			isa = XCBuildConfiguration;
			buildSettings = {
				BUNDLE_LOADER = "$(BUILT_PRODUCTS_DIR)/flipper.app/flipper";
				FRAMEWORK_SEARCH_PATHS = (
					"\"$(SDKROOT)/Developer/Library/Frameworks\"",
					"\"$(DEVELOPER_LIBRARY_DIR)/Frameworks\"",
				);
				GCC_PRECOMPILE_PREFIX_HEADER = YES;
				GCC_PREFIX_HEADER = "flipper/flipper-Prefix.pch";
				INFOPLIST_FILE = "flipperTests/flipperTests-Info.plist";
				PRODUCT_NAME = "$(TARGET_NAME)";
				TEST_HOST = "$(BUNDLE_LOADER)";
				WRAPPER_EXTENSION = octest;
			};
			name = Release;
		};
/* End XCBuildConfiguration section */

/* Begin XCConfigurationList section */
		6556531A0174034CEB79289D /* Build configuration list for PBXProject "flipper" */ = {
			isa = XCConfigurationList;
			buildConfigurations = (
				65565714106C4D6AF40490FB /* Release */,
				6556560C4E0209C2EB7048FC /* Debug */,
			);
			defaultConfigurationIsVisible = 0;
			defaultConfigurationName = Release;
		};
		655655DB9BA0F3D405915ACA /* Build configuration list for PBXNativeTarget "flipper" */ = {
			isa = XCConfigurationList;
			buildConfigurations = (
				655659B0274AC0C586A8DE5C /* Release */,
				6556588EE95597E857AAAC05 /* Debug */,
			);
			defaultConfigurationIsVisible = 0;
			defaultConfigurationName = Release;
		};
		65565CC02017C25269EBCCFC /* Build configuration list for PBXNativeTarget "flipperTests" */ = {
			isa = XCConfigurationList;
			buildConfigurations = (
				65565FA159B982DF6E474840 /* Release */,
				6556579FD13A9829E1877625 /* Debug */,
			);
			defaultConfigurationIsVisible = 0;
			defaultConfigurationName = Release;
		};
/* End XCConfigurationList section */

/* Begin XCVersionGroup section */
		87D51F7B16064C03006BCF53 /* MCDFlipperModel.xcdatamodeld */ = {
			isa = XCVersionGroup;
			children = (
				87D51F7C16064C03006BCF53 /* MCDFlipperModel.xcdatamodel */,
			);
			currentVersion = 87D51F7C16064C03006BCF53 /* MCDFlipperModel.xcdatamodel */;
			name = MCDFlipperModel.xcdatamodeld;
			path = ../MCDFlipperModel.xcdatamodeld;
			sourceTree = "<group>";
			versionGroupType = wrapper.xcdatamodel;
		};
/* End XCVersionGroup section */
	};
	rootObject = 65565B07824EB7D9B53EB6E0 /* Project object */;
}
